{
  "name": "kitten-adoption-rescue-sociaty",
  "version": "1.0.0",
  "lockfileVersion": 1,
  "requires": true,
  "dependencies": {
    "arweave-deploy": {
      "version": "1.3.0",
      "resolved": "https://registry.npmjs.org/arweave-deploy/-/arweave-deploy-1.3.0.tgz",
      "integrity": "sha512-5l3J3y604fCmwPatG8DBthDrVdFdFCYjZ/V2CtAsSwwHaHCLn8ivU8EZbppOjs//SgQq+WCpW7GloVdH3/7KNw==",
      "dev": true
    }
  }
}
